// !$*UTF8*$!
{
	archiveVersion = 1;
	classes = {
	};
	objectVersion = 50;
	objects = {

/* Begin PBXBuildFile section */
		9976D90F23F3C620007FF856 /* AutoPreviewable.swift in Sources */ = {isa = PBXBuildFile; fileRef = 9976D90E23F3C620007FF856 /* AutoPreviewable.swift */; };
		9976D91323F3C80E007FF856 /* AccessControlTests.swift in Sources */ = {isa = PBXBuildFile; fileRef = 9976D91223F3C80E007FF856 /* AccessControlTests.swift */; };
		9976D91523F3C847007FF856 /* AnnotationTests.swift in Sources */ = {isa = PBXBuildFile; fileRef = 9976D91423F3C847007FF856 /* AnnotationTests.swift */; };
		9976D91723F3C879007FF856 /* ProtocolTests.swift in Sources */ = {isa = PBXBuildFile; fileRef = 9976D91623F3C879007FF856 /* ProtocolTests.swift */; };
		9976D91E23F3E3BA007FF856 /* AnnotationsParameterTests.swift in Sources */ = {isa = PBXBuildFile; fileRef = 9976D91D23F3E3BA007FF856 /* AnnotationsParameterTests.swift */; };
		F449F5E72335393900FC21F3 /* AppDelegate.swift in Sources */ = {isa = PBXBuildFile; fileRef = F449F5E62335393900FC21F3 /* AppDelegate.swift */; };
		F449F5E92335393900FC21F3 /* SceneDelegate.swift in Sources */ = {isa = PBXBuildFile; fileRef = F449F5E82335393900FC21F3 /* SceneDelegate.swift */; };
		F449F5EB2335393900FC21F3 /* ViewController.swift in Sources */ = {isa = PBXBuildFile; fileRef = F449F5EA2335393900FC21F3 /* ViewController.swift */; };
		F449F5EE2335393900FC21F3 /* Main.storyboard in Resources */ = {isa = PBXBuildFile; fileRef = F449F5EC2335393900FC21F3 /* Main.storyboard */; };
		F449F5F02335393B00FC21F3 /* Assets.xcassets in Resources */ = {isa = PBXBuildFile; fileRef = F449F5EF2335393B00FC21F3 /* Assets.xcassets */; };
		F449F5F32335393B00FC21F3 /* LaunchScreen.storyboard in Resources */ = {isa = PBXBuildFile; fileRef = F449F5F12335393B00FC21F3 /* LaunchScreen.storyboard */; };
		F449F60A2335E86200FC21F3 /* AutoPreviewable.swift in Sources */ = {isa = PBXBuildFile; fileRef = F449F6092335E86200FC21F3 /* AutoPreviewable.swift */; };
/* End PBXBuildFile section */

/* Begin PBXContainerItemProxy section */
		F449F5FA2335393B00FC21F3 /* PBXContainerItemProxy */ = {
			isa = PBXContainerItemProxy;
			containerPortal = F449F5DB2335393900FC21F3 /* Project object */;
			proxyType = 1;
			remoteGlobalIDString = F449F5E22335393900FC21F3;
			remoteInfo = AutoPreviewable;
		};
/* End PBXContainerItemProxy section */

/* Begin PBXFileReference section */
		9976D90E23F3C620007FF856 /* AutoPreviewable.swift */ = {isa = PBXFileReference; lastKnownFileType = sourcecode.swift; path = AutoPreviewable.swift; sourceTree = "<group>"; };
		9976D91223F3C80E007FF856 /* AccessControlTests.swift */ = {isa = PBXFileReference; lastKnownFileType = sourcecode.swift; path = AccessControlTests.swift; sourceTree = "<group>"; };
		9976D91423F3C847007FF856 /* AnnotationTests.swift */ = {isa = PBXFileReference; lastKnownFileType = sourcecode.swift; path = AnnotationTests.swift; sourceTree = "<group>"; };
		9976D91623F3C879007FF856 /* ProtocolTests.swift */ = {isa = PBXFileReference; lastKnownFileType = sourcecode.swift; path = ProtocolTests.swift; sourceTree = "<group>"; };
		9976D91D23F3E3BA007FF856 /* AnnotationsParameterTests.swift */ = {isa = PBXFileReference; lastKnownFileType = sourcecode.swift; path = AnnotationsParameterTests.swift; sourceTree = "<group>"; };
		F449F5E32335393900FC21F3 /* AutoPreviewable.app */ = {isa = PBXFileReference; explicitFileType = wrapper.application; includeInIndex = 0; path = AutoPreviewable.app; sourceTree = BUILT_PRODUCTS_DIR; };
		F449F5E62335393900FC21F3 /* AppDelegate.swift */ = {isa = PBXFileReference; lastKnownFileType = sourcecode.swift; path = AppDelegate.swift; sourceTree = "<group>"; };
		F449F5E82335393900FC21F3 /* SceneDelegate.swift */ = {isa = PBXFileReference; lastKnownFileType = sourcecode.swift; path = SceneDelegate.swift; sourceTree = "<group>"; };
		F449F5EA2335393900FC21F3 /* ViewController.swift */ = {isa = PBXFileReference; lastKnownFileType = sourcecode.swift; path = ViewController.swift; sourceTree = "<group>"; };
		F449F5ED2335393900FC21F3 /* Base */ = {isa = PBXFileReference; lastKnownFileType = file.storyboard; name = Base; path = Base.lproj/Main.storyboard; sourceTree = "<group>"; };
		F449F5EF2335393B00FC21F3 /* Assets.xcassets */ = {isa = PBXFileReference; lastKnownFileType = folder.assetcatalog; path = Assets.xcassets; sourceTree = "<group>"; };
		F449F5F22335393B00FC21F3 /* Base */ = {isa = PBXFileReference; lastKnownFileType = file.storyboard; name = Base; path = Base.lproj/LaunchScreen.storyboard; sourceTree = "<group>"; };
		F449F5F42335393B00FC21F3 /* Info.plist */ = {isa = PBXFileReference; lastKnownFileType = text.plist.xml; path = Info.plist; sourceTree = "<group>"; };
		F449F5F92335393B00FC21F3 /* AutoPreviewableTests.xctest */ = {isa = PBXFileReference; explicitFileType = wrapper.cfbundle; includeInIndex = 0; path = AutoPreviewableTests.xctest; sourceTree = BUILT_PRODUCTS_DIR; };
		F449F5FF2335393B00FC21F3 /* Info.plist */ = {isa = PBXFileReference; lastKnownFileType = text.plist.xml; path = Info.plist; sourceTree = "<group>"; };
		F449F6092335E86200FC21F3 /* AutoPreviewable.swift */ = {isa = PBXFileReference; fileEncoding = 4; lastKnownFileType = sourcecode.swift; path = AutoPreviewable.swift; sourceTree = "<group>"; };
/* End PBXFileReference section */

/* Begin PBXFrameworksBuildPhase section */
		F449F5E02335393900FC21F3 /* Frameworks */ = {
			isa = PBXFrameworksBuildPhase;
			buildActionMask = 2147483647;
			files = (
			);
			runOnlyForDeploymentPostprocessing = 0;
		};
		F449F5F62335393B00FC21F3 /* Frameworks */ = {
			isa = PBXFrameworksBuildPhase;
			buildActionMask = 2147483647;
			files = (
			);
			runOnlyForDeploymentPostprocessing = 0;
		};
/* End PBXFrameworksBuildPhase section */

/* Begin PBXGroup section */
		9976D90D23F3C60F007FF856 /* CodeGenerated */ = {
			isa = PBXGroup;
			children = (
				9976D90E23F3C620007FF856 /* AutoPreviewable.swift */,
			);
			path = CodeGenerated;
			sourceTree = "<group>";
		};
		F449F5DA2335393900FC21F3 = {
			isa = PBXGroup;
			children = (
				F449F5E52335393900FC21F3 /* AutoPreviewable */,
				F449F5FC2335393B00FC21F3 /* AutoPreviewableTests */,
				F449F5E42335393900FC21F3 /* Products */,
			);
			sourceTree = "<group>";
		};
		F449F5E42335393900FC21F3 /* Products */ = {
			isa = PBXGroup;
			children = (
				F449F5E32335393900FC21F3 /* AutoPreviewable.app */,
				F449F5F92335393B00FC21F3 /* AutoPreviewableTests.xctest */,
			);
			name = Products;
			sourceTree = "<group>";
		};
		F449F5E52335393900FC21F3 /* AutoPreviewable */ = {
			isa = PBXGroup;
			children = (
				F449F6082335E86200FC21F3 /* CodeGenerated */,
				F449F5E62335393900FC21F3 /* AppDelegate.swift */,
				F449F5E82335393900FC21F3 /* SceneDelegate.swift */,
				F449F5EA2335393900FC21F3 /* ViewController.swift */,
				F449F5EC2335393900FC21F3 /* Main.storyboard */,
				F449F5EF2335393B00FC21F3 /* Assets.xcassets */,
				F449F5F12335393B00FC21F3 /* LaunchScreen.storyboard */,
				F449F5F42335393B00FC21F3 /* Info.plist */,
			);
			path = AutoPreviewable;
			sourceTree = "<group>";
		};
		F449F5FC2335393B00FC21F3 /* AutoPreviewableTests */ = {
			isa = PBXGroup;
			children = (
				9976D90D23F3C60F007FF856 /* CodeGenerated */,
				F449F5FF2335393B00FC21F3 /* Info.plist */,
				9976D91223F3C80E007FF856 /* AccessControlTests.swift */,
				9976D91423F3C847007FF856 /* AnnotationTests.swift */,
				9976D91623F3C879007FF856 /* ProtocolTests.swift */,
				9976D91D23F3E3BA007FF856 /* AnnotationsParameterTests.swift */,
			);
			path = AutoPreviewableTests;
			sourceTree = "<group>";
		};
		F449F6082335E86200FC21F3 /* CodeGenerated */ = {
			isa = PBXGroup;
			children = (
				F449F6092335E86200FC21F3 /* AutoPreviewable.swift */,
			);
			path = CodeGenerated;
			sourceTree = "<group>";
		};
/* End PBXGroup section */

/* Begin PBXNativeTarget section */
		F449F5E22335393900FC21F3 /* AutoPreviewable */ = {
			isa = PBXNativeTarget;
			buildConfigurationList = F449F6022335393B00FC21F3 /* Build configuration list for PBXNativeTarget "AutoPreviewable" */;
			buildPhases = (
				F449F5DF2335393900FC21F3 /* Sources */,
				F449F5E02335393900FC21F3 /* Frameworks */,
				F449F5E12335393900FC21F3 /* Resources */,
			);
			buildRules = (
			);
			dependencies = (
			);
			name = AutoPreviewable;
			productName = AutoPreviewable;
			productReference = F449F5E32335393900FC21F3 /* AutoPreviewable.app */;
			productType = "com.apple.product-type.application";
		};
		F449F5F82335393B00FC21F3 /* AutoPreviewableTests */ = {
			isa = PBXNativeTarget;
			buildConfigurationList = F449F6052335393B00FC21F3 /* Build configuration list for PBXNativeTarget "AutoPreviewableTests" */;
			buildPhases = (
				F449F5F52335393B00FC21F3 /* Sources */,
				F449F5F62335393B00FC21F3 /* Frameworks */,
				F449F5F72335393B00FC21F3 /* Resources */,
			);
			buildRules = (
			);
			dependencies = (
				F449F5FB2335393B00FC21F3 /* PBXTargetDependency */,
			);
			name = AutoPreviewableTests;
			productName = AutoPreviewableTests;
			productReference = F449F5F92335393B00FC21F3 /* AutoPreviewableTests.xctest */;
			productType = "com.apple.product-type.bundle.unit-test";
		};
/* End PBXNativeTarget section */

/* Begin PBXProject section */
		F449F5DB2335393900FC21F3 /* Project object */ = {
			isa = PBXProject;
			attributes = {
				LastSwiftUpdateCheck = 1100;
				LastUpgradeCheck = 1100;
				ORGANIZATIONNAME = AKIO;
				TargetAttributes = {
					F449F5E22335393900FC21F3 = {
						CreatedOnToolsVersion = 11.0;
					};
					F449F5F82335393B00FC21F3 = {
						CreatedOnToolsVersion = 11.0;
						TestTargetID = F449F5E22335393900FC21F3;
					};
				};
			};
			buildConfigurationList = F449F5DE2335393900FC21F3 /* Build configuration list for PBXProject "AutoPreviewable" */;
			compatibilityVersion = "Xcode 9.3";
			developmentRegion = en;
			hasScannedForEncodings = 0;
			knownRegions = (
				en,
				Base,
			);
			mainGroup = F449F5DA2335393900FC21F3;
			productRefGroup = F449F5E42335393900FC21F3 /* Products */;
			projectDirPath = "";
			projectRoot = "";
			targets = (
				F449F5E22335393900FC21F3 /* AutoPreviewable */,
				F449F5F82335393B00FC21F3 /* AutoPreviewableTests */,
			);
		};
/* End PBXProject section */

/* Begin PBXResourcesBuildPhase section */
		F449F5E12335393900FC21F3 /* Resources */ = {
			isa = PBXResourcesBuildPhase;
			buildActionMask = 2147483647;
			files = (
				F449F5F32335393B00FC21F3 /* LaunchScreen.storyboard in Resources */,
				F449F5F02335393B00FC21F3 /* Assets.xcassets in Resources */,
				F449F5EE2335393900FC21F3 /* Main.storyboard in Resources */,
			);
			runOnlyForDeploymentPostprocessing = 0;
		};
		F449F5F72335393B00FC21F3 /* Resources */ = {
			isa = PBXResourcesBuildPhase;
			buildActionMask = 2147483647;
			files = (
			);
			runOnlyForDeploymentPostprocessing = 0;
		};
/* End PBXResourcesBuildPhase section */

/* Begin PBXSourcesBuildPhase section */
		F449F5DF2335393900FC21F3 /* Sources */ = {
			isa = PBXSourcesBuildPhase;
			buildActionMask = 2147483647;
			files = (
				F449F5EB2335393900FC21F3 /* ViewController.swift in Sources */,
				F449F5E72335393900FC21F3 /* AppDelegate.swift in Sources */,
				F449F5E92335393900FC21F3 /* SceneDelegate.swift in Sources */,
				F449F60A2335E86200FC21F3 /* AutoPreviewable.swift in Sources */,
			);
			runOnlyForDeploymentPostprocessing = 0;
		};
		F449F5F52335393B00FC21F3 /* Sources */ = {
			isa = PBXSourcesBuildPhase;
			buildActionMask = 2147483647;
			files = (
				9976D91523F3C847007FF856 /* AnnotationTests.swift in Sources */,
				9976D91323F3C80E007FF856 /* AccessControlTests.swift in Sources */,
				9976D91723F3C879007FF856 /* ProtocolTests.swift in Sources */,
				9976D91E23F3E3BA007FF856 /* AnnotationsParameterTests.swift in Sources */,
				9976D90F23F3C620007FF856 /* AutoPreviewable.swift in Sources */,
			);
			runOnlyForDeploymentPostprocessing = 0;
		};
/* End PBXSourcesBuildPhase section */

/* Begin PBXTargetDependency section */
		F449F5FB2335393B00FC21F3 /* PBXTargetDependency */ = {
			isa = PBXTargetDependency;
			target = F449F5E22335393900FC21F3 /* AutoPreviewable */;
			targetProxy = F449F5FA2335393B00FC21F3 /* PBXContainerItemProxy */;
		};
/* End PBXTargetDependency section */

/* Begin PBXVariantGroup section */
		F449F5EC2335393900FC21F3 /* Main.storyboard */ = {
			isa = PBXVariantGroup;
			children = (
				F449F5ED2335393900FC21F3 /* Base */,
			);
			name = Main.storyboard;
			sourceTree = "<group>";
		};
		F449F5F12335393B00FC21F3 /* LaunchScreen.storyboard */ = {
			isa = PBXVariantGroup;
			children = (
				F449F5F22335393B00FC21F3 /* Base */,
			);
			name = LaunchScreen.storyboard;
			sourceTree = "<group>";
		};
/* End PBXVariantGroup section */

/* Begin XCBuildConfiguration section */
		F449F6002335393B00FC21F3 /* Debug */ = {
			isa = XCBuildConfiguration;
			buildSettings = {
				ALWAYS_SEARCH_USER_PATHS = NO;
				CLANG_ANALYZER_NONNULL = YES;
				CLANG_ANALYZER_NUMBER_OBJECT_CONVERSION = YES_AGGRESSIVE;
				CLANG_CXX_LANGUAGE_STANDARD = "gnu++14";
				CLANG_CXX_LIBRARY = "libc++";
				CLANG_ENABLE_MODULES = YES;
				CLANG_ENABLE_OBJC_ARC = YES;
				CLANG_ENABLE_OBJC_WEAK = YES;
				CLANG_WARN_BLOCK_CAPTURE_AUTORELEASING = YES;
				CLANG_WARN_BOOL_CONVERSION = YES;
				CLANG_WARN_COMMA = YES;
				CLANG_WARN_CONSTANT_CONVERSION = YES;
				CLANG_WARN_DEPRECATED_OBJC_IMPLEMENTATIONS = YES;
				CLANG_WARN_DIRECT_OBJC_ISA_USAGE = YES_ERROR;
				CLANG_WARN_DOCUMENTATION_COMMENTS = YES;
				CLANG_WARN_EMPTY_BODY = YES;
				CLANG_WARN_ENUM_CONVERSION = YES;
				CLANG_WARN_INFINITE_RECURSION = YES;
				CLANG_WARN_INT_CONVERSION = YES;
				CLANG_WARN_NON_LITERAL_NULL_CONVERSION = YES;
				CLANG_WARN_OBJC_IMPLICIT_RETAIN_SELF = YES;
				CLANG_WARN_OBJC_LITERAL_CONVERSION = YES;
				CLANG_WARN_OBJC_ROOT_CLASS = YES_ERROR;
				CLANG_WARN_RANGE_LOOP_ANALYSIS = YES;
				CLANG_WARN_STRICT_PROTOTYPES = YES;
				CLANG_WARN_SUSPICIOUS_MOVE = YES;
				CLANG_WARN_UNGUARDED_AVAILABILITY = YES_AGGRESSIVE;
				CLANG_WARN_UNREACHABLE_CODE = YES;
				CLANG_WARN__DUPLICATE_METHOD_MATCH = YES;
				COPY_PHASE_STRIP = NO;
				DEBUG_INFORMATION_FORMAT = dwarf;
				ENABLE_STRICT_OBJC_MSGSEND = YES;
				ENABLE_TESTABILITY = YES;
				GCC_C_LANGUAGE_STANDARD = gnu11;
				GCC_DYNAMIC_NO_PIC = NO;
				GCC_NO_COMMON_BLOCKS = YES;
				GCC_OPTIMIZATION_LEVEL = 0;
				GCC_PREPROCESSOR_DEFINITIONS = (
					"DEBUG=1",
					"$(inherited)",
				);
				GCC_WARN_64_TO_32_BIT_CONVERSION = YES;
				GCC_WARN_ABOUT_RETURN_TYPE = YES_ERROR;
				GCC_WARN_UNDECLARED_SELECTOR = YES;
				GCC_WARN_UNINITIALIZED_AUTOS = YES_AGGRESSIVE;
				GCC_WARN_UNUSED_FUNCTION = YES;
				GCC_WARN_UNUSED_VARIABLE = YES;
				IPHONEOS_DEPLOYMENT_TARGET = 13.0;
				MTL_ENABLE_DEBUG_INFO = INCLUDE_SOURCE;
				MTL_FAST_MATH = YES;
				ONLY_ACTIVE_ARCH = YES;
				SDKROOT = iphoneos;
				SWIFT_ACTIVE_COMPILATION_CONDITIONS = DEBUG;
				SWIFT_OPTIMIZATION_LEVEL = "-Onone";
			};
			name = Debug;
		};
		F449F6012335393B00FC21F3 /* Release */ = {
			isa = XCBuildConfiguration;
			buildSettings = {
				ALWAYS_SEARCH_USER_PATHS = NO;
				CLANG_ANALYZER_NONNULL = YES;
				CLANG_ANALYZER_NUMBER_OBJECT_CONVERSION = YES_AGGRESSIVE;
				CLANG_CXX_LANGUAGE_STANDARD = "gnu++14";
				CLANG_CXX_LIBRARY = "libc++";
				CLANG_ENABLE_MODULES = YES;
				CLANG_ENABLE_OBJC_ARC = YES;
				CLANG_ENABLE_OBJC_WEAK = YES;
				CLANG_WARN_BLOCK_CAPTURE_AUTORELEASING = YES;
				CLANG_WARN_BOOL_CONVERSION = YES;
				CLANG_WARN_COMMA = YES;
				CLANG_WARN_CONSTANT_CONVERSION = YES;
				CLANG_WARN_DEPRECATED_OBJC_IMPLEMENTATIONS = YES;
				CLANG_WARN_DIRECT_OBJC_ISA_USAGE = YES_ERROR;
				CLANG_WARN_DOCUMENTATION_COMMENTS = YES;
				CLANG_WARN_EMPTY_BODY = YES;
				CLANG_WARN_ENUM_CONVERSION = YES;
				CLANG_WARN_INFINITE_RECURSION = YES;
				CLANG_WARN_INT_CONVERSION = YES;
				CLANG_WARN_NON_LITERAL_NULL_CONVERSION = YES;
				CLANG_WARN_OBJC_IMPLICIT_RETAIN_SELF = YES;
				CLANG_WARN_OBJC_LITERAL_CONVERSION = YES;
				CLANG_WARN_OBJC_ROOT_CLASS = YES_ERROR;
				CLANG_WARN_RANGE_LOOP_ANALYSIS = YES;
				CLANG_WARN_STRICT_PROTOTYPES = YES;
				CLANG_WARN_SUSPICIOUS_MOVE = YES;
				CLANG_WARN_UNGUARDED_AVAILABILITY = YES_AGGRESSIVE;
				CLANG_WARN_UNREACHABLE_CODE = YES;
				CLANG_WARN__DUPLICATE_METHOD_MATCH = YES;
				COPY_PHASE_STRIP = NO;
				DEBUG_INFORMATION_FORMAT = "dwarf-with-dsym";
				ENABLE_NS_ASSERTIONS = NO;
				ENABLE_STRICT_OBJC_MSGSEND = YES;
				GCC_C_LANGUAGE_STANDARD = gnu11;
				GCC_NO_COMMON_BLOCKS = YES;
				GCC_WARN_64_TO_32_BIT_CONVERSION = YES;
				GCC_WARN_ABOUT_RETURN_TYPE = YES_ERROR;
				GCC_WARN_UNDECLARED_SELECTOR = YES;
				GCC_WARN_UNINITIALIZED_AUTOS = YES_AGGRESSIVE;
				GCC_WARN_UNUSED_FUNCTION = YES;
				GCC_WARN_UNUSED_VARIABLE = YES;
				IPHONEOS_DEPLOYMENT_TARGET = 13.0;
				MTL_ENABLE_DEBUG_INFO = NO;
				MTL_FAST_MATH = YES;
				SDKROOT = iphoneos;
				SWIFT_COMPILATION_MODE = wholemodule;
				SWIFT_OPTIMIZATION_LEVEL = "-O";
				VALIDATE_PRODUCT = YES;
			};
			name = Release;
		};
		F449F6032335393B00FC21F3 /* Debug */ = {
			isa = XCBuildConfiguration;
			buildSettings = {
				ASSETCATALOG_COMPILER_APPICON_NAME = AppIcon;
				CODE_SIGN_STYLE = Automatic;
				INFOPLIST_FILE = AutoPreviewable/Info.plist;
				LD_RUNPATH_SEARCH_PATHS = (
					"$(inherited)",
					"@executable_path/Frameworks",
				);
				PRODUCT_BUNDLE_IDENTIFIER = com.akkeylab.app.AutoPreviewable;
				PRODUCT_NAME = "$(TARGET_NAME)";
				SWIFT_VERSION = 5.0;
				TARGETED_DEVICE_FAMILY = "1,2";
			};
			name = Debug;
		};
		F449F6042335393B00FC21F3 /* Release */ = {
			isa = XCBuildConfiguration;
			buildSettings = {
				ASSETCATALOG_COMPILER_APPICON_NAME = AppIcon;
				CODE_SIGN_STYLE = Automatic;
				INFOPLIST_FILE = AutoPreviewable/Info.plist;
				LD_RUNPATH_SEARCH_PATHS = (
					"$(inherited)",
					"@executable_path/Frameworks",
				);
				PRODUCT_BUNDLE_IDENTIFIER = com.akkeylab.app.AutoPreviewable;
				PRODUCT_NAME = "$(TARGET_NAME)";
				SWIFT_VERSION = 5.0;
				TARGETED_DEVICE_FAMILY = "1,2";
			};
			name = Release;
		};
		F449F6062335393B00FC21F3 /* Debug */ = {
			isa = XCBuildConfiguration;
			buildSettings = {
				ALWAYS_EMBED_SWIFT_STANDARD_LIBRARIES = YES;
				BUNDLE_LOADER = "$(TEST_HOST)";
				CODE_SIGN_STYLE = Automatic;
				INFOPLIST_FILE = AutoPreviewableTests/Info.plist;
				IPHONEOS_DEPLOYMENT_TARGET = 13.0;
				LD_RUNPATH_SEARCH_PATHS = (
					"$(inherited)",
					"@executable_path/Frameworks",
					"@loader_path/Frameworks",
				);
				PRODUCT_BUNDLE_IDENTIFIER = com.akkeylab.app.AutoPreviewableTests;
				PRODUCT_NAME = "$(TARGET_NAME)";
				SWIFT_VERSION = 5.0;
				TARGETED_DEVICE_FAMILY = "1,2";
				TEST_HOST = "$(BUILT_PRODUCTS_DIR)/AutoPreviewable.app/AutoPreviewable";
			};
			name = Debug;
		};
		F449F6072335393B00FC21F3 /* Release */ = {
			isa = XCBuildConfiguration;
			buildSettings = {
				ALWAYS_EMBED_SWIFT_STANDARD_LIBRARIES = YES;
				BUNDLE_LOADER = "$(TEST_HOST)";
				CODE_SIGN_STYLE = Automatic;
				INFOPLIST_FILE = AutoPreviewableTests/Info.plist;
				IPHONEOS_DEPLOYMENT_TARGET = 13.0;
				LD_RUNPATH_SEARCH_PATHS = (
					"$(inherited)",
					"@executable_path/Frameworks",
					"@loader_path/Frameworks",
				);
				PRODUCT_BUNDLE_IDENTIFIER = com.akkeylab.app.AutoPreviewableTests;
				PRODUCT_NAME = "$(TARGET_NAME)";
				SWIFT_VERSION = 5.0;
				TARGETED_DEVICE_FAMILY = "1,2";
				TEST_HOST = "$(BUILT_PRODUCTS_DIR)/AutoPreviewable.app/AutoPreviewable";
			};
			name = Release;
		};
/* End XCBuildConfiguration section */

/* Begin XCConfigurationList section */
		F449F5DE2335393900FC21F3 /* Build configuration list for PBXProject "AutoPreviewable" */ = {
			isa = XCConfigurationList;
			buildConfigurations = (
				F449F6002335393B00FC21F3 /* Debug */,
				F449F6012335393B00FC21F3 /* Release */,
			);
			defaultConfigurationIsVisible = 0;
			defaultConfigurationName = Release;
		};
		F449F6022335393B00FC21F3 /* Build configuration list for PBXNativeTarget "AutoPreviewable" */ = {
			isa = XCConfigurationList;
			buildConfigurations = (
				F449F6032335393B00FC21F3 /* Debug */,
				F449F6042335393B00FC21F3 /* Release */,
			);
			defaultConfigurationIsVisible = 0;
			defaultConfigurationName = Release;
		};
		F449F6052335393B00FC21F3 /* Build configuration list for PBXNativeTarget "AutoPreviewableTests" */ = {
			isa = XCConfigurationList;
			buildConfigurations = (
				F449F6062335393B00FC21F3 /* Debug */,
				F449F6072335393B00FC21F3 /* Release */,
			);
			defaultConfigurationIsVisible = 0;
			defaultConfigurationName = Release;
		};
/* End XCConfigurationList section */
	};
	rootObject = F449F5DB2335393900FC21F3 /* Project object */;
}
